
Microsoft Visual Studio Solution File, Format Version 12.00
# Visual Studio Version 17
VisualStudioVersion = 17.8.34330.188
MinimumVisualStudioVersion = 10.0.40219.1
Project("{FAE04EC0-301F-11D3-BF4B-00C04F79EFBC}") = "00. Algorithm", "00. Algorithm\00. Algorithm.csproj", "{7A10E8B8-07D1-4CDB-BA16-4C31CBDE6F98}"
EndProject
Project("{FAE04EC0-301F-11D3-BF4B-00C04F79EFBC}") = "01. List", "01.List\01. List.csproj", "{51C91FDD-D202-46C9-BE60-4CBF5A8351A8}"
EndProject
Global
	GlobalSection(SolutionConfigurationPlatforms) = preSolution
		Debug|Any CPU = Debug|Any CPU
		Release|Any CPU = Release|Any CPU
	EndGlobalSection
	GlobalSection(ProjectConfigurationPlatforms) = postSolution
		{7A10E8B8-07D1-4CDB-BA16-4C31CBDE6F98}.Debug|Any CPU.ActiveCfg = Debug|Any CPU
		{7A10E8B8-07D1-4CDB-BA16-4C31CBDE6F98}.Debug|Any CPU.Build.0 = Debug|Any CPU
		{7A10E8B8-07D1-4CDB-BA16-4C31CBDE6F98}.Release|Any CPU.ActiveCfg = Release|Any CPU
		{7A10E8B8-07D1-4CDB-BA16-4C31CBDE6F98}.Release|Any CPU.Build.0 = Release|Any CPU
		{51C91FDD-D202-46C9-BE60-4CBF5A8351A8}.Debug|Any CPU.ActiveCfg = Debug|Any CPU
		{51C91FDD-D202-46C9-BE60-4CBF5A8351A8}.Debug|Any CPU.Build.0 = Debug|Any CPU
		{51C91FDD-D202-46C9-BE60-4CBF5A8351A8}.Release|Any CPU.ActiveCfg = Release|Any CPU
		{51C91FDD-D202-46C9-BE60-4CBF5A8351A8}.Release|Any CPU.Build.0 = Release|Any CPU
	EndGlobalSection
	GlobalSection(SolutionProperties) = preSolution
		HideSolutionNode = FALSE
	EndGlobalSection
	GlobalSection(ExtensibilityGlobals) = postSolution
		SolutionGuid = {97F3A171-16B6-4E5B-A9CF-34929534683A}
	EndGlobalSection
EndGlobal
